
Microsoft Visual Studio Solution File, Format Version 12.00
# Visual Studio 15
VisualStudioVersion = 15.0.26730.15
MinimumVisualStudioVersion = 10.0.40219.1
Project("{FAE04EC0-301F-11D3-BF4B-00C04F79EFBC}") = "Method Hiding", "Pract\Method Hiding.csproj", "{DD0B7992-1CA9-45EC-95D2-DC589AF96B3C}"
EndProject
Global
	GlobalSection(SolutionConfigurationPlatforms) = preSolution
		Debug|Any CPU = Debug|Any CPU
		Release|Any CPU = Release|Any CPU
	EndGlobalSection
	GlobalSection(ProjectConfigurationPlatforms) = postSolution
		{DD0B7992-1CA9-45EC-95D2-DC589AF96B3C}.Debug|Any CPU.ActiveCfg = Debug|Any CPU
		{DD0B7992-1CA9-45EC-95D2-DC589AF96B3C}.Debug|Any CPU.Build.0 = Debug|Any CPU
		{DD0B7992-1CA9-45EC-95D2-DC589AF96B3C}.Release|Any CPU.ActiveCfg = Release|Any CPU
		{DD0B7992-1CA9-45EC-95D2-DC589AF96B3C}.Release|Any CPU.Build.0 = Release|Any CPU
	EndGlobalSection
	GlobalSection(SolutionProperties) = preSolution
		HideSolutionNode = FALSE
	EndGlobalSection
	GlobalSection(ExtensibilityGlobals) = postSolution
		SolutionGuid = {DB27E677-F060-482D-8E8D-77FBB16C681B}
	EndGlobalSection
EndGlobal
